
Microsoft Visual Studio Solution File, Format Version 12.00
# Visual Studio Version 16
VisualStudioVersion = 16.0.30011.22
MinimumVisualStudioVersion = 10.0.40219.1
Project("{FAE04EC0-301F-11D3-BF4B-00C04F79EFBC}") = "ContadorVisitas", "ContadorVisitas\ContadorVisitas.csproj", "{554B8574-BE9A-46FE-B460-5F000413FF5F}"
EndProject
Global
	GlobalSection(SolutionConfigurationPlatforms) = preSolution
		Debug|Any CPU = Debug|Any CPU
		Release|Any CPU = Release|Any CPU
	EndGlobalSection
	GlobalSection(ProjectConfigurationPlatforms) = postSolution
		{554B8574-BE9A-46FE-B460-5F000413FF5F}.Debug|Any CPU.ActiveCfg = Debug|Any CPU
		{554B8574-BE9A-46FE-B460-5F000413FF5F}.Debug|Any CPU.Build.0 = Debug|Any CPU
		{554B8574-BE9A-46FE-B460-5F000413FF5F}.Release|Any CPU.ActiveCfg = Release|Any CPU
		{554B8574-BE9A-46FE-B460-5F000413FF5F}.Release|Any CPU.Build.0 = Release|Any CPU
	EndGlobalSection
	GlobalSection(SolutionProperties) = preSolution
		HideSolutionNode = FALSE
	EndGlobalSection
	GlobalSection(ExtensibilityGlobals) = postSolution
		SolutionGuid = {83126F9D-4DC4-4A3D-B618-AC1324F5A618}
	EndGlobalSection
EndGlobal
